github.com/fzipp/gocyclo v0.0.0-20150627053110-6acd4345c835 h1:roDmqJ4Qes7hrDOsWsMCce0vQHz3xiMPjJ9m4c2eeNs=
github.com/fzipp/gocyclo v0.0.0-20150627053110-6acd4345c835/go.mod h1:BjL/N0+C+j9uNX+1xcNuM9vdSIcXCZrQZUYbXOFbgN8=
github.com/innoxchain/ixstorage/build v0.0.3 h1:jj1iBlQbjMSBcISbOhHHu4RjwdPEAyZO0ODRcQzffdQ=
github.com/innoxchain/ixstorage/build v0.0.3/go.mod h1:R6bfnBAErkcS61Okgj1GPfDV9IavhtKvzv8wsA7nKwg=
github.com/innoxchain/ixstorage/cmd/ixclient v0.0.3 h1:XVRJGBd3xqbOA7TOSZ4eg++GB09UMiyVeDmqmazAyTY=
github.com/innoxchain/ixstorage/cmd/ixclient v0.0.3/go.mod h1:R7z0ge6F128EJ6qMiEX/f2TadRXJR+g6C9rY/mNXNJQ=
github.com/innoxchain/ixstorage/pkg/apps/ixclient v0.0.1 h1:WUoXNBDE6F9DbQ0+9r1MM3N+Tt5hZga6IZlfUsbF7R0=
github.com/innoxchain/ixstorage/pkg/apps/ixclient v0.0.1/go.mod h1:TRJnUMJZbhI7g3FSvbddGykOxEe5gGayCuEnIx7IcX4=
github.com/mdempsky/gocode v0.0.0-20181226182234-be056ad32a5e h1:izuz4mCsxWEajlt9EXVowXPciDGsgn8bDEqylsz98Rw=
github.com/mdempsky/gocode v0.0.0-20181226182234-be056ad32a5e/go.mod h1:hltEC42XzfMNgg0S1v6JTywwra2Mu6F6cLR03debVQ8=
github.com/remyoudompheng/go-misc v0.0.0-20171223093740-dfc465eaf84f h1:mgG/kprIDkBXzk5SWjVIool1H2UwonEOziqt8vLK3bU=
github.com/remyoudompheng/go-misc v0.0.0-20171223093740-dfc465eaf84f/go.mod h1:JNs4i6vWj7Z8T60irBJOkLl9jIARUEcGk0ys7KCHv+w=
github.com/spf13/cobra v0.0.3 h1:ZlrZ4XsMRm04Fr5pSFxBgfND2EBVa1nLpiy1stUsX/8=
github.com/spf13/cobra v0.0.3/go.mod h1:1l0Ry5zgKvJasoi3XT1TypsSe7PqH0Sj9dhYf7v3XqQ=
github.com/spf13/pflag v1.0.3 h1:zPAT6CGy6wXeQ7NtTnaTerfKOsV6V6F8agHXFiazDkg=
github.com/spf13/pflag v1.0.3/go.mod h1:DYY7MBk1bdzusC3SYhjObp+wFpr4gzcvqqNjLnInEg4=
golang.org/x/lint v0.0.0-20181217174547-8f45f776aaf1 h1:rJm0LuqUjoDhSk2zO9ISMSToQxGz7Os2jRiOL8AWu4c=
golang.org/x/lint v0.0.0-20181217174547-8f45f776aaf1/go.mod h1:UVdnD1Gm6xHRNCYTkRU2/jEulfH38KcIWyp/GAMgvoE=
golang.org/x/tools v0.0.0-20181221235234-d00ac6d27372 h1:zWPUEY/PjVHT+zO3L8OfkjrtIjf55joTxn/RQP/AjOI=
golang.org/x/tools v0.0.0-20181221235234-d00ac6d27372/go.mod h1:n7NCudcB/nEzxVGmLbDWY5pfWTLqBcC2KZ6jyYvM4mQ=
