github.com/innoxchain/ixstorage/cmd/ixclient v0.0.1 h1:5bgHdfK8BejAxlX/qlP6sslHKvJA4t7DJE1vMFeYQPk=
github.com/innoxchain/ixstorage/cmd/ixclient v0.0.1/go.mod h1:2iC+b7j7ua58b7bNWMY8OhxeLe6htb3SsJ45rDthEmk=
github.com/innoxchain/ixstorage/pkg/apps/ixclient v0.0.1 h1:WUoXNBDE6F9DbQ0+9r1MM3N+Tt5hZga6IZlfUsbF7R0=
github.com/innoxchain/ixstorage/pkg/apps/ixclient v0.0.1/go.mod h1:TRJnUMJZbhI7g3FSvbddGykOxEe5gGayCuEnIx7IcX4=
