github.com/innoxchain/ixstorage/build v0.0.2 h1:KR3ZKtWJcaDlxpii50YoAd8JWakaM4mjsWXgNCL5BnY=
github.com/innoxchain/ixstorage/build v0.0.2/go.mod h1:R6bfnBAErkcS61Okgj1GPfDV9IavhtKvzv8wsA7nKwg=
github.com/innoxchain/ixstorage/pkg/apps/ixclient v0.0.1 h1:WUoXNBDE6F9DbQ0+9r1MM3N+Tt5hZga6IZlfUsbF7R0=
github.com/innoxchain/ixstorage/pkg/apps/ixclient v0.0.1/go.mod h1:TRJnUMJZbhI7g3FSvbddGykOxEe5gGayCuEnIx7IcX4=
